PODS:
  - Flutter (1.0.0)

DEPENDENCIES:
  - Flutter (from `.symlinks/flutter/ios`)

EXTERNAL SOURCES:
  Flutter:
    :path: ".symlinks/flutter/ios"

SPEC CHECKSUMS:
  Flutter: 58dd7d1b27887414a370fcccb9e645c08ffd7a6a

PODFILE CHECKSUM: 7da070b49ca68f3372ee2e3052f10e4576ca2f7b

COCOAPODS: 1.8.0.beta.2
